
Microsoft Visual Studio Solution File, Format Version 12.00
# Visual Studio Version 16
VisualStudioVersion = 16.0.31129.286
MinimumVisualStudioVersion = 10.0.40219.1
Project("{2150E333-8FDC-42A3-9474-1A3956D46DE8}") = "0.Host", "0.Host", "{157D2EAE-7020-4D5A-9732-B3B1691342C6}"
EndProject
Project("{2150E333-8FDC-42A3-9474-1A3956D46DE8}") = "Modules", "Modules", "{1B496F4E-36B1-46FD-AFC4-0527AF8F89F6}"
EndProject
Project("{2150E333-8FDC-42A3-9474-1A3956D46DE8}") = "StockIn", "StockIn", "{D36A0783-ACC0-44EB-B17A-EFFE6D4B52D2}"
EndProject
Project("{2150E333-8FDC-42A3-9474-1A3956D46DE8}") = "StockOut", "StockOut", "{9661F841-CDC7-40FF-A873-40CA63D5C835}"
EndProject
Project("{2150E333-8FDC-42A3-9474-1A3956D46DE8}") = "Products", "Products", "{72461C26-C6AE-469F-93B5-E6B023F9DA9F}"
EndProject
Project("{2150E333-8FDC-42A3-9474-1A3956D46DE8}") = "Infrastructure", "Infrastructure", "{3E541C73-12B6-4A7E-9A46-D8FC081822B6}"
EndProject
Project("{FAE04EC0-301F-11D3-BF4B-00C04F79EFBC}") = "SupplyChain.HttpApi", "SupplyChain.HttpApi\SupplyChain.HttpApi.csproj", "{27736120-29E6-40F8-A6BF-94F64B39BD9C}"
EndProject
Project("{FAE04EC0-301F-11D3-BF4B-00C04F79EFBC}") = "SupplyChain.Product.Application.Contracts", "SupplyChain.Product.Application.Contracts\SupplyChain.Product.Application.Contracts.csproj", "{B203383E-A345-453E-83C6-E457928121B9}"
EndProject
Project("{FAE04EC0-301F-11D3-BF4B-00C04F79EFBC}") = "SupplyChain.Product.Application", "SupplyChain.Product.Application\SupplyChain.Product.Application.csproj", "{5FC603AB-A045-45FC-B08F-9A1273E7872C}"
EndProject
Project("{FAE04EC0-301F-11D3-BF4B-00C04F79EFBC}") = "SupplyChain.Product.Domain", "SupplyChain.Product.Domain\SupplyChain.Product.Domain.csproj", "{68979237-510F-4ED8-9D6B-E3FF6CDE100B}"
EndProject
Project("{FAE04EC0-301F-11D3-BF4B-00C04F79EFBC}") = "SupplyChain.Product.Domain.Shared", "SupplyChain.Product.Domain.Shared\SupplyChain.Product.Domain.Shared.csproj", "{48C5E69A-7D0F-4B4C-A240-0780CB3BF31A}"
EndProject
Project("{FAE04EC0-301F-11D3-BF4B-00C04F79EFBC}") = "SupplyChain.Product.EntityFrameworkCore", "SupplyChain.Product.EntityFrameworkCore\SupplyChain.Product.EntityFrameworkCore.csproj", "{A9E0592B-B231-42C8-A8FF-CE451969AC47}"
EndProject
Project("{FAE04EC0-301F-11D3-BF4B-00C04F79EFBC}") = "SupplyChain.EntityFrameworkCore", "SupplyChain.EntityFrameworkCore\SupplyChain.EntityFrameworkCore.csproj", "{90314253-3015-4105-85E9-89426DEA9BBC}"
EndProject
Project("{FAE04EC0-301F-11D3-BF4B-00C04F79EFBC}") = "SupplyChain.Domain", "SupplyChain.Domain\SupplyChain.Domain.csproj", "{5EC3954B-4DC5-4151-A04B-17F1ADA4276F}"
EndProject
Project("{FAE04EC0-301F-11D3-BF4B-00C04F79EFBC}") = "SupplyChain", "SupplyChain\SupplyChain.csproj", "{1169A924-6219-4D6C-8E3A-3C26F97B471A}"
EndProject
Project("{FAE04EC0-301F-11D3-BF4B-00C04F79EFBC}") = "SupplyChain.Common", "SupplyChain.Common\SupplyChain.Common.csproj", "{649395B7-697E-4E09-86C5-C0C17FB9DEC5}"
EndProject
Project("{FAE04EC0-301F-11D3-BF4B-00C04F79EFBC}") = "SupplyChain.StockIn.Application", "SupplyChain.StockIn.Application\SupplyChain.StockIn.Application.csproj", "{5B0FEF45-73AE-4E9F-9F58-56301AE6F21A}"
EndProject
Project("{FAE04EC0-301F-11D3-BF4B-00C04F79EFBC}") = "SupplyChain.StockIn.Application.Contracts", "SupplyChain.StockIn.Application.Contracts\SupplyChain.StockIn.Application.Contracts.csproj", "{CD01E7D5-29FE-451A-99C1-FEDAAEBDFC0C}"
EndProject
Project("{FAE04EC0-301F-11D3-BF4B-00C04F79EFBC}") = "SupplyChain.StockIn.Domain", "SupplyChain.StockIn.Domain\SupplyChain.StockIn.Domain.csproj", "{D309350E-C09B-45FB-B7AD-87B325203BA5}"
EndProject
Project("{FAE04EC0-301F-11D3-BF4B-00C04F79EFBC}") = "SupplyChain.StockIn.Domain.Shared", "SupplyChain.StockIn.Domain.Shared\SupplyChain.StockIn.Domain.Shared.csproj", "{C41496DD-B455-4AD4-8DE8-346DA5E5C483}"
EndProject
Project("{FAE04EC0-301F-11D3-BF4B-00C04F79EFBC}") = "SupplyChain.Product.DapperFramework", "SupplyChain.Product.DapperFramework\SupplyChain.Product.DapperFramework.csproj", "{F2CBDDB6-88D8-4E0B-913C-856D8FAA3BA4}"
EndProject
Project("{FAE04EC0-301F-11D3-BF4B-00C04F79EFBC}") = "SupplyChain.Dapper", "SupplyChain.Dapper\SupplyChain.Dapper.csproj", "{B1242ABD-004D-43FA-A8B4-D3A5759BD6BD}"
EndProject
Project("{FAE04EC0-301F-11D3-BF4B-00C04F79EFBC}") = "SupplyChain.StockIn.EntityFrameworkCore", "SupplyChain.StockIn.EntityFrameworkCore\SupplyChain.StockIn.EntityFrameworkCore.csproj", "{BBE148D7-8841-4DB0-9B18-61DB7F0AA2FD}"
EndProject
Global
	GlobalSection(SolutionConfigurationPlatforms) = preSolution
		Debug|Any CPU = Debug|Any CPU
		Release|Any CPU = Release|Any CPU
	EndGlobalSection
	GlobalSection(ProjectConfigurationPlatforms) = postSolution
		{27736120-29E6-40F8-A6BF-94F64B39BD9C}.Debug|Any CPU.ActiveCfg = Debug|Any CPU
		{27736120-29E6-40F8-A6BF-94F64B39BD9C}.Debug|Any CPU.Build.0 = Debug|Any CPU
		{27736120-29E6-40F8-A6BF-94F64B39BD9C}.Release|Any CPU.ActiveCfg = Release|Any CPU
		{27736120-29E6-40F8-A6BF-94F64B39BD9C}.Release|Any CPU.Build.0 = Release|Any CPU
		{B203383E-A345-453E-83C6-E457928121B9}.Debug|Any CPU.ActiveCfg = Debug|Any CPU
		{B203383E-A345-453E-83C6-E457928121B9}.Debug|Any CPU.Build.0 = Debug|Any CPU
		{B203383E-A345-453E-83C6-E457928121B9}.Release|Any CPU.ActiveCfg = Release|Any CPU
		{B203383E-A345-453E-83C6-E457928121B9}.Release|Any CPU.Build.0 = Release|Any CPU
		{5FC603AB-A045-45FC-B08F-9A1273E7872C}.Debug|Any CPU.ActiveCfg = Debug|Any CPU
		{5FC603AB-A045-45FC-B08F-9A1273E7872C}.Debug|Any CPU.Build.0 = Debug|Any CPU
		{5FC603AB-A045-45FC-B08F-9A1273E7872C}.Release|Any CPU.ActiveCfg = Release|Any CPU
		{5FC603AB-A045-45FC-B08F-9A1273E7872C}.Release|Any CPU.Build.0 = Release|Any CPU
		{68979237-510F-4ED8-9D6B-E3FF6CDE100B}.Debug|Any CPU.ActiveCfg = Debug|Any CPU
		{68979237-510F-4ED8-9D6B-E3FF6CDE100B}.Debug|Any CPU.Build.0 = Debug|Any CPU
		{68979237-510F-4ED8-9D6B-E3FF6CDE100B}.Release|Any CPU.ActiveCfg = Release|Any CPU
		{68979237-510F-4ED8-9D6B-E3FF6CDE100B}.Release|Any CPU.Build.0 = Release|Any CPU
		{48C5E69A-7D0F-4B4C-A240-0780CB3BF31A}.Debug|Any CPU.ActiveCfg = Debug|Any CPU
		{48C5E69A-7D0F-4B4C-A240-0780CB3BF31A}.Debug|Any CPU.Build.0 = Debug|Any CPU
		{48C5E69A-7D0F-4B4C-A240-0780CB3BF31A}.Release|Any CPU.ActiveCfg = Release|Any CPU
		{48C5E69A-7D0F-4B4C-A240-0780CB3BF31A}.Release|Any CPU.Build.0 = Release|Any CPU
		{A9E0592B-B231-42C8-A8FF-CE451969AC47}.Debug|Any CPU.ActiveCfg = Debug|Any CPU
		{A9E0592B-B231-42C8-A8FF-CE451969AC47}.Debug|Any CPU.Build.0 = Debug|Any CPU
		{A9E0592B-B231-42C8-A8FF-CE451969AC47}.Release|Any CPU.ActiveCfg = Release|Any CPU
		{A9E0592B-B231-42C8-A8FF-CE451969AC47}.Release|Any CPU.Build.0 = Release|Any CPU
		{90314253-3015-4105-85E9-89426DEA9BBC}.Debug|Any CPU.ActiveCfg = Debug|Any CPU
		{90314253-3015-4105-85E9-89426DEA9BBC}.Debug|Any CPU.Build.0 = Debug|Any CPU
		{90314253-3015-4105-85E9-89426DEA9BBC}.Release|Any CPU.ActiveCfg = Release|Any CPU
		{90314253-3015-4105-85E9-89426DEA9BBC}.Release|Any CPU.Build.0 = Release|Any CPU
		{5EC3954B-4DC5-4151-A04B-17F1ADA4276F}.Debug|Any CPU.ActiveCfg = Debug|Any CPU
		{5EC3954B-4DC5-4151-A04B-17F1ADA4276F}.Debug|Any CPU.Build.0 = Debug|Any CPU
		{5EC3954B-4DC5-4151-A04B-17F1ADA4276F}.Release|Any CPU.ActiveCfg = Release|Any CPU
		{5EC3954B-4DC5-4151-A04B-17F1ADA4276F}.Release|Any CPU.Build.0 = Release|Any CPU
		{1169A924-6219-4D6C-8E3A-3C26F97B471A}.Debug|Any CPU.ActiveCfg = Debug|Any CPU
		{1169A924-6219-4D6C-8E3A-3C26F97B471A}.Debug|Any CPU.Build.0 = Debug|Any CPU
		{1169A924-6219-4D6C-8E3A-3C26F97B471A}.Release|Any CPU.ActiveCfg = Release|Any CPU
		{1169A924-6219-4D6C-8E3A-3C26F97B471A}.Release|Any CPU.Build.0 = Release|Any CPU
		{649395B7-697E-4E09-86C5-C0C17FB9DEC5}.Debug|Any CPU.ActiveCfg = Debug|Any CPU
		{649395B7-697E-4E09-86C5-C0C17FB9DEC5}.Debug|Any CPU.Build.0 = Debug|Any CPU
		{649395B7-697E-4E09-86C5-C0C17FB9DEC5}.Release|Any CPU.ActiveCfg = Release|Any CPU
		{649395B7-697E-4E09-86C5-C0C17FB9DEC5}.Release|Any CPU.Build.0 = Release|Any CPU
		{5B0FEF45-73AE-4E9F-9F58-56301AE6F21A}.Debug|Any CPU.ActiveCfg = Debug|Any CPU
		{5B0FEF45-73AE-4E9F-9F58-56301AE6F21A}.Debug|Any CPU.Build.0 = Debug|Any CPU
		{5B0FEF45-73AE-4E9F-9F58-56301AE6F21A}.Release|Any CPU.ActiveCfg = Release|Any CPU
		{5B0FEF45-73AE-4E9F-9F58-56301AE6F21A}.Release|Any CPU.Build.0 = Release|Any CPU
		{CD01E7D5-29FE-451A-99C1-FEDAAEBDFC0C}.Debug|Any CPU.ActiveCfg = Debug|Any CPU
		{CD01E7D5-29FE-451A-99C1-FEDAAEBDFC0C}.Debug|Any CPU.Build.0 = Debug|Any CPU
		{CD01E7D5-29FE-451A-99C1-FEDAAEBDFC0C}.Release|Any CPU.ActiveCfg = Release|Any CPU
		{CD01E7D5-29FE-451A-99C1-FEDAAEBDFC0C}.Release|Any CPU.Build.0 = Release|Any CPU
		{D309350E-C09B-45FB-B7AD-87B325203BA5}.Debug|Any CPU.ActiveCfg = Debug|Any CPU
		{D309350E-C09B-45FB-B7AD-87B325203BA5}.Debug|Any CPU.Build.0 = Debug|Any CPU
		{D309350E-C09B-45FB-B7AD-87B325203BA5}.Release|Any CPU.ActiveCfg = Release|Any CPU
		{D309350E-C09B-45FB-B7AD-87B325203BA5}.Release|Any CPU.Build.0 = Release|Any CPU
		{C41496DD-B455-4AD4-8DE8-346DA5E5C483}.Debug|Any CPU.ActiveCfg = Debug|Any CPU
		{C41496DD-B455-4AD4-8DE8-346DA5E5C483}.Debug|Any CPU.Build.0 = Debug|Any CPU
		{C41496DD-B455-4AD4-8DE8-346DA5E5C483}.Release|Any CPU.ActiveCfg = Release|Any CPU
		{C41496DD-B455-4AD4-8DE8-346DA5E5C483}.Release|Any CPU.Build.0 = Release|Any CPU
		{F2CBDDB6-88D8-4E0B-913C-856D8FAA3BA4}.Debug|Any CPU.ActiveCfg = Debug|Any CPU
		{F2CBDDB6-88D8-4E0B-913C-856D8FAA3BA4}.Debug|Any CPU.Build.0 = Debug|Any CPU
		{F2CBDDB6-88D8-4E0B-913C-856D8FAA3BA4}.Release|Any CPU.ActiveCfg = Release|Any CPU
		{F2CBDDB6-88D8-4E0B-913C-856D8FAA3BA4}.Release|Any CPU.Build.0 = Release|Any CPU
		{B1242ABD-004D-43FA-A8B4-D3A5759BD6BD}.Debug|Any CPU.ActiveCfg = Debug|Any CPU
		{B1242ABD-004D-43FA-A8B4-D3A5759BD6BD}.Debug|Any CPU.Build.0 = Debug|Any CPU
		{B1242ABD-004D-43FA-A8B4-D3A5759BD6BD}.Release|Any CPU.ActiveCfg = Release|Any CPU
		{B1242ABD-004D-43FA-A8B4-D3A5759BD6BD}.Release|Any CPU.Build.0 = Release|Any CPU
		{BBE148D7-8841-4DB0-9B18-61DB7F0AA2FD}.Debug|Any CPU.ActiveCfg = Debug|Any CPU
		{BBE148D7-8841-4DB0-9B18-61DB7F0AA2FD}.Debug|Any CPU.Build.0 = Debug|Any CPU
		{BBE148D7-8841-4DB0-9B18-61DB7F0AA2FD}.Release|Any CPU.ActiveCfg = Release|Any CPU
		{BBE148D7-8841-4DB0-9B18-61DB7F0AA2FD}.Release|Any CPU.Build.0 = Release|Any CPU
	EndGlobalSection
	GlobalSection(SolutionProperties) = preSolution
		HideSolutionNode = FALSE
	EndGlobalSection
	GlobalSection(NestedProjects) = preSolution
		{D36A0783-ACC0-44EB-B17A-EFFE6D4B52D2} = {1B496F4E-36B1-46FD-AFC4-0527AF8F89F6}
		{9661F841-CDC7-40FF-A873-40CA63D5C835} = {1B496F4E-36B1-46FD-AFC4-0527AF8F89F6}
		{72461C26-C6AE-469F-93B5-E6B023F9DA9F} = {1B496F4E-36B1-46FD-AFC4-0527AF8F89F6}
		{27736120-29E6-40F8-A6BF-94F64B39BD9C} = {157D2EAE-7020-4D5A-9732-B3B1691342C6}
		{B203383E-A345-453E-83C6-E457928121B9} = {72461C26-C6AE-469F-93B5-E6B023F9DA9F}
		{5FC603AB-A045-45FC-B08F-9A1273E7872C} = {72461C26-C6AE-469F-93B5-E6B023F9DA9F}
		{68979237-510F-4ED8-9D6B-E3FF6CDE100B} = {72461C26-C6AE-469F-93B5-E6B023F9DA9F}
		{48C5E69A-7D0F-4B4C-A240-0780CB3BF31A} = {72461C26-C6AE-469F-93B5-E6B023F9DA9F}
		{A9E0592B-B231-42C8-A8FF-CE451969AC47} = {72461C26-C6AE-469F-93B5-E6B023F9DA9F}
		{90314253-3015-4105-85E9-89426DEA9BBC} = {3E541C73-12B6-4A7E-9A46-D8FC081822B6}
		{5EC3954B-4DC5-4151-A04B-17F1ADA4276F} = {3E541C73-12B6-4A7E-9A46-D8FC081822B6}
		{1169A924-6219-4D6C-8E3A-3C26F97B471A} = {3E541C73-12B6-4A7E-9A46-D8FC081822B6}
		{649395B7-697E-4E09-86C5-C0C17FB9DEC5} = {3E541C73-12B6-4A7E-9A46-D8FC081822B6}
		{5B0FEF45-73AE-4E9F-9F58-56301AE6F21A} = {D36A0783-ACC0-44EB-B17A-EFFE6D4B52D2}
		{CD01E7D5-29FE-451A-99C1-FEDAAEBDFC0C} = {D36A0783-ACC0-44EB-B17A-EFFE6D4B52D2}
		{D309350E-C09B-45FB-B7AD-87B325203BA5} = {D36A0783-ACC0-44EB-B17A-EFFE6D4B52D2}
		{C41496DD-B455-4AD4-8DE8-346DA5E5C483} = {D36A0783-ACC0-44EB-B17A-EFFE6D4B52D2}
		{F2CBDDB6-88D8-4E0B-913C-856D8FAA3BA4} = {72461C26-C6AE-469F-93B5-E6B023F9DA9F}
		{B1242ABD-004D-43FA-A8B4-D3A5759BD6BD} = {3E541C73-12B6-4A7E-9A46-D8FC081822B6}
		{BBE148D7-8841-4DB0-9B18-61DB7F0AA2FD} = {D36A0783-ACC0-44EB-B17A-EFFE6D4B52D2}
	EndGlobalSection
	GlobalSection(ExtensibilityGlobals) = postSolution
		SolutionGuid = {3FBFA29F-1F88-46CD-936D-33DEAA2BF2DC}
	EndGlobalSection
EndGlobal
