
Microsoft Visual Studio Solution File, Format Version 12.00
# Visual Studio Version 16
VisualStudioVersion = 16.0.31129.286
MinimumVisualStudioVersion = 10.0.40219.1
Project("{2150E333-8FDC-42A3-9474-1A3956D46DE8}") = "0.Host", "0.Host", "{157D2EAE-7020-4D5A-9732-B3B1691342C6}"
EndProject
Project("{2150E333-8FDC-42A3-9474-1A3956D46DE8}") = "Context", "Context", "{1B496F4E-36B1-46FD-AFC4-0527AF8F89F6}"
EndProject
Project("{2150E333-8FDC-42A3-9474-1A3956D46DE8}") = "StockIn", "StockIn", "{D36A0783-ACC0-44EB-B17A-EFFE6D4B52D2}"
EndProject
Project("{2150E333-8FDC-42A3-9474-1A3956D46DE8}") = "StockOut", "StockOut", "{9661F841-CDC7-40FF-A873-40CA63D5C835}"
EndProject
Project("{2150E333-8FDC-42A3-9474-1A3956D46DE8}") = "Products", "Products", "{72461C26-C6AE-469F-93B5-E6B023F9DA9F}"
EndProject
Project("{FAE04EC0-301F-11D3-BF4B-00C04F79EFBC}") = "SupplyChain.Product.Application", "SupplyChain.Product.Application\SupplyChain.Product.Application.csproj", "{47207352-E7F3-4CC2-93E3-A64637CC7EAB}"
EndProject
Project("{FAE04EC0-301F-11D3-BF4B-00C04F79EFBC}") = "SupplyChain.Product.Domain", "SupplyChain.Product.Domain\SupplyChain.Product.Domain.csproj", "{EB1E16F5-8A05-47F7-8348-15E20E30A612}"
EndProject
Project("{FAE04EC0-301F-11D3-BF4B-00C04F79EFBC}") = "SupplyChain.Product.Infrastructure", "SupplyChain.Product.Infrastructure\SupplyChain.Product.Infrastructure.csproj", "{D0E07D01-6D87-4222-97E3-B5FBFAB1ED63}"
EndProject
Project("{FAE04EC0-301F-11D3-BF4B-00C04F79EFBC}") = "SupplyChain.API", "SupplyChain.API\SupplyChain.API.csproj", "{8E1DC00A-1002-4980-858F-4593B130C52D}"
EndProject
Project("{2150E333-8FDC-42A3-9474-1A3956D46DE8}") = "Infrastructure", "Infrastructure", "{3E541C73-12B6-4A7E-9A46-D8FC081822B6}"
EndProject
Project("{FAE04EC0-301F-11D3-BF4B-00C04F79EFBC}") = "SupplyChain.EntityFramework", "SupplyChain.EntityFramework\SupplyChain.EntityFramework.csproj", "{8EBC825F-8EAB-4339-86A3-EB9205ABECB6}"
EndProject
Project("{FAE04EC0-301F-11D3-BF4B-00C04F79EFBC}") = "SupplyChain.Product.Application.Contracts", "SupplyChain.Product.Application.Contracts\SupplyChain.Product.Application.Contracts.csproj", "{77698838-EE5C-412C-9673-6A1D7B8AFBE7}"
EndProject
Global
	GlobalSection(SolutionConfigurationPlatforms) = preSolution
		Debug|Any CPU = Debug|Any CPU
		Release|Any CPU = Release|Any CPU
	EndGlobalSection
	GlobalSection(ProjectConfigurationPlatforms) = postSolution
		{47207352-E7F3-4CC2-93E3-A64637CC7EAB}.Debug|Any CPU.ActiveCfg = Debug|Any CPU
		{47207352-E7F3-4CC2-93E3-A64637CC7EAB}.Debug|Any CPU.Build.0 = Debug|Any CPU
		{47207352-E7F3-4CC2-93E3-A64637CC7EAB}.Release|Any CPU.ActiveCfg = Release|Any CPU
		{47207352-E7F3-4CC2-93E3-A64637CC7EAB}.Release|Any CPU.Build.0 = Release|Any CPU
		{EB1E16F5-8A05-47F7-8348-15E20E30A612}.Debug|Any CPU.ActiveCfg = Debug|Any CPU
		{EB1E16F5-8A05-47F7-8348-15E20E30A612}.Debug|Any CPU.Build.0 = Debug|Any CPU
		{EB1E16F5-8A05-47F7-8348-15E20E30A612}.Release|Any CPU.ActiveCfg = Release|Any CPU
		{EB1E16F5-8A05-47F7-8348-15E20E30A612}.Release|Any CPU.Build.0 = Release|Any CPU
		{D0E07D01-6D87-4222-97E3-B5FBFAB1ED63}.Debug|Any CPU.ActiveCfg = Debug|Any CPU
		{D0E07D01-6D87-4222-97E3-B5FBFAB1ED63}.Debug|Any CPU.Build.0 = Debug|Any CPU
		{D0E07D01-6D87-4222-97E3-B5FBFAB1ED63}.Release|Any CPU.ActiveCfg = Release|Any CPU
		{D0E07D01-6D87-4222-97E3-B5FBFAB1ED63}.Release|Any CPU.Build.0 = Release|Any CPU
		{8E1DC00A-1002-4980-858F-4593B130C52D}.Debug|Any CPU.ActiveCfg = Debug|Any CPU
		{8E1DC00A-1002-4980-858F-4593B130C52D}.Debug|Any CPU.Build.0 = Debug|Any CPU
		{8E1DC00A-1002-4980-858F-4593B130C52D}.Release|Any CPU.ActiveCfg = Release|Any CPU
		{8E1DC00A-1002-4980-858F-4593B130C52D}.Release|Any CPU.Build.0 = Release|Any CPU
		{8EBC825F-8EAB-4339-86A3-EB9205ABECB6}.Debug|Any CPU.ActiveCfg = Debug|Any CPU
		{8EBC825F-8EAB-4339-86A3-EB9205ABECB6}.Debug|Any CPU.Build.0 = Debug|Any CPU
		{8EBC825F-8EAB-4339-86A3-EB9205ABECB6}.Release|Any CPU.ActiveCfg = Release|Any CPU
		{8EBC825F-8EAB-4339-86A3-EB9205ABECB6}.Release|Any CPU.Build.0 = Release|Any CPU
		{77698838-EE5C-412C-9673-6A1D7B8AFBE7}.Debug|Any CPU.ActiveCfg = Debug|Any CPU
		{77698838-EE5C-412C-9673-6A1D7B8AFBE7}.Debug|Any CPU.Build.0 = Debug|Any CPU
		{77698838-EE5C-412C-9673-6A1D7B8AFBE7}.Release|Any CPU.ActiveCfg = Release|Any CPU
		{77698838-EE5C-412C-9673-6A1D7B8AFBE7}.Release|Any CPU.Build.0 = Release|Any CPU
	EndGlobalSection
	GlobalSection(SolutionProperties) = preSolution
		HideSolutionNode = FALSE
	EndGlobalSection
	GlobalSection(NestedProjects) = preSolution
		{D36A0783-ACC0-44EB-B17A-EFFE6D4B52D2} = {1B496F4E-36B1-46FD-AFC4-0527AF8F89F6}
		{9661F841-CDC7-40FF-A873-40CA63D5C835} = {1B496F4E-36B1-46FD-AFC4-0527AF8F89F6}
		{72461C26-C6AE-469F-93B5-E6B023F9DA9F} = {1B496F4E-36B1-46FD-AFC4-0527AF8F89F6}
		{47207352-E7F3-4CC2-93E3-A64637CC7EAB} = {72461C26-C6AE-469F-93B5-E6B023F9DA9F}
		{EB1E16F5-8A05-47F7-8348-15E20E30A612} = {72461C26-C6AE-469F-93B5-E6B023F9DA9F}
		{D0E07D01-6D87-4222-97E3-B5FBFAB1ED63} = {72461C26-C6AE-469F-93B5-E6B023F9DA9F}
		{8E1DC00A-1002-4980-858F-4593B130C52D} = {157D2EAE-7020-4D5A-9732-B3B1691342C6}
		{8EBC825F-8EAB-4339-86A3-EB9205ABECB6} = {3E541C73-12B6-4A7E-9A46-D8FC081822B6}
		{77698838-EE5C-412C-9673-6A1D7B8AFBE7} = {72461C26-C6AE-469F-93B5-E6B023F9DA9F}
	EndGlobalSection
	GlobalSection(ExtensibilityGlobals) = postSolution
		SolutionGuid = {3FBFA29F-1F88-46CD-936D-33DEAA2BF2DC}
	EndGlobalSection
EndGlobal
